// !$*UTF8*$!
{
	archiveVersion = 1;
	classes = {
	};
	objectVersion = 46;
	objects = {

/* Begin PBXBuildFile section */
		21E5B59D1C7440E400F7F0FD /* main.m in Sources */ = {isa = PBXBuildFile; fileRef = 21E5B59C1C7440E400F7F0FD /* main.m */; };
		21E5B5A01C7440E400F7F0FD /* AppDelegate.m in Sources */ = {isa = PBXBuildFile; fileRef = 21E5B59F1C7440E400F7F0FD /* AppDelegate.m */; };
		21E5B5A81C7440E400F7F0FD /* Assets.xcassets in Resources */ = {isa = PBXBuildFile; fileRef = 21E5B5A71C7440E400F7F0FD /* Assets.xcassets */; };
		21E5B5AB1C7440E400F7F0FD /* LaunchScreen.storyboard in Resources */ = {isa = PBXBuildFile; fileRef = 21E5B5A91C7440E400F7F0FD /* LaunchScreen.storyboard */; };
		21E5B5B61C7440E400F7F0FD /* ChopstickNotesTests.m in Sources */ = {isa = PBXBuildFile; fileRef = 21E5B5B51C7440E400F7F0FD /* ChopstickNotesTests.m */; };
		21E5B5C11C7440E400F7F0FD /* ChopstickNotesUITests.m in Sources */ = {isa = PBXBuildFile; fileRef = 21E5B5C01C7440E400F7F0FD /* ChopstickNotesUITests.m */; };
		21E5B5E01C74442C00F7F0FD /* WLCTabBarController.m in Sources */ = {isa = PBXBuildFile; fileRef = 21E5B5DF1C74442C00F7F0FD /* WLCTabBarController.m */; };
		21E5B5E31C74444400F7F0FD /* WLCNavigationController.m in Sources */ = {isa = PBXBuildFile; fileRef = 21E5B5E21C74444400F7F0FD /* WLCNavigationController.m */; };
		21E5B5F31C744A4900F7F0FD /* WLCRemindController.m in Sources */ = {isa = PBXBuildFile; fileRef = 21E5B5F21C744A4900F7F0FD /* WLCRemindController.m */; };
		21E5B5F61C75962800F7F0FD /* WLCTabBar.m in Sources */ = {isa = PBXBuildFile; fileRef = 21E5B5F51C75962800F7F0FD /* WLCTabBar.m */; };
		21F641801C9B9D1B0053FCF8 /* UIView+Frame.m in Sources */ = {isa = PBXBuildFile; fileRef = 21F6417F1C9B9D1B0053FCF8 /* UIView+Frame.m */; };
		21F6418B1C9BAC3D0053FCF8 /* WLCNoteController.m in Sources */ = {isa = PBXBuildFile; fileRef = 21F6418A1C9BAC3D0053FCF8 /* WLCNoteController.m */; };
		21F6418E1C9BAD140053FCF8 /* WLCContentTableView.m in Sources */ = {isa = PBXBuildFile; fileRef = 21F6418D1C9BAD140053FCF8 /* WLCContentTableView.m */; };
		21F641911C9BB3940053FCF8 /* WLCNoteCollectionController.m in Sources */ = {isa = PBXBuildFile; fileRef = 21F641901C9BB3940053FCF8 /* WLCNoteCollectionController.m */; };
		21F641941C9BBA010053FCF8 /* WLCNoteDetailController.m in Sources */ = {isa = PBXBuildFile; fileRef = 21F641931C9BBA010053FCF8 /* WLCNoteDetailController.m */; };
		21F641971C9BBC810053FCF8 /* WLCNoteTableController.m in Sources */ = {isa = PBXBuildFile; fileRef = 21F641961C9BBC810053FCF8 /* WLCNoteTableController.m */; };
		9569C6B798C21ADA7589BE80 /* libPods.a in Frameworks */ = {isa = PBXBuildFile; fileRef = A61BDFA27045E0A5E23BB61B /* libPods.a */; };
/* End PBXBuildFile section */

/* Begin PBXContainerItemProxy section */
		21E5B5B21C7440E400F7F0FD /* PBXContainerItemProxy */ = {
			isa = PBXContainerItemProxy;
			containerPortal = 21E5B5901C7440E400F7F0FD /* Project object */;
			proxyType = 1;
			remoteGlobalIDString = 21E5B5971C7440E400F7F0FD;
			remoteInfo = ChopstickNotes;
		};
		21E5B5BD1C7440E400F7F0FD /* PBXContainerItemProxy */ = {
			isa = PBXContainerItemProxy;
			containerPortal = 21E5B5901C7440E400F7F0FD /* Project object */;
			proxyType = 1;
			remoteGlobalIDString = 21E5B5971C7440E400F7F0FD;
			remoteInfo = ChopstickNotes;
		};
/* End PBXContainerItemProxy section */

/* Begin PBXFileReference section */
		21E5B5981C7440E400F7F0FD /* ChopstickNotes.app */ = {isa = PBXFileReference; explicitFileType = wrapper.application; includeInIndex = 0; path = ChopstickNotes.app; sourceTree = BUILT_PRODUCTS_DIR; };
		21E5B59C1C7440E400F7F0FD /* main.m */ = {isa = PBXFileReference; lastKnownFileType = sourcecode.c.objc; path = main.m; sourceTree = "<group>"; };
		21E5B59E1C7440E400F7F0FD /* AppDelegate.h */ = {isa = PBXFileReference; lastKnownFileType = sourcecode.c.h; path = AppDelegate.h; sourceTree = "<group>"; };
		21E5B59F1C7440E400F7F0FD /* AppDelegate.m */ = {isa = PBXFileReference; lastKnownFileType = sourcecode.c.objc; path = AppDelegate.m; sourceTree = "<group>"; };
		21E5B5A71C7440E400F7F0FD /* Assets.xcassets */ = {isa = PBXFileReference; lastKnownFileType = folder.assetcatalog; path = Assets.xcassets; sourceTree = "<group>"; };
		21E5B5AA1C7440E400F7F0FD /* Base */ = {isa = PBXFileReference; lastKnownFileType = file.storyboard; name = Base; path = Base.lproj/LaunchScreen.storyboard; sourceTree = "<group>"; };
		21E5B5AC1C7440E400F7F0FD /* Info.plist */ = {isa = PBXFileReference; lastKnownFileType = text.plist.xml; path = Info.plist; sourceTree = "<group>"; };
		21E5B5B11C7440E400F7F0FD /* ChopstickNotesTests.xctest */ = {isa = PBXFileReference; explicitFileType = wrapper.cfbundle; includeInIndex = 0; path = ChopstickNotesTests.xctest; sourceTree = BUILT_PRODUCTS_DIR; };
		21E5B5B51C7440E400F7F0FD /* ChopstickNotesTests.m */ = {isa = PBXFileReference; lastKnownFileType = sourcecode.c.objc; path = ChopstickNotesTests.m; sourceTree = "<group>"; };
		21E5B5B71C7440E400F7F0FD /* Info.plist */ = {isa = PBXFileReference; lastKnownFileType = text.plist.xml; path = Info.plist; sourceTree = "<group>"; };
		21E5B5BC1C7440E400F7F0FD /* ChopstickNotesUITests.xctest */ = {isa = PBXFileReference; explicitFileType = wrapper.cfbundle; includeInIndex = 0; path = ChopstickNotesUITests.xctest; sourceTree = BUILT_PRODUCTS_DIR; };
		21E5B5C01C7440E400F7F0FD /* ChopstickNotesUITests.m */ = {isa = PBXFileReference; lastKnownFileType = sourcecode.c.objc; path = ChopstickNotesUITests.m; sourceTree = "<group>"; };
		21E5B5C21C7440E400F7F0FD /* Info.plist */ = {isa = PBXFileReference; lastKnownFileType = text.plist.xml; path = Info.plist; sourceTree = "<group>"; };
		21E5B5DE1C74442C00F7F0FD /* WLCTabBarController.h */ = {isa = PBXFileReference; fileEncoding = 4; lastKnownFileType = sourcecode.c.h; path = WLCTabBarController.h; sourceTree = "<group>"; };
		21E5B5DF1C74442C00F7F0FD /* WLCTabBarController.m */ = {isa = PBXFileReference; fileEncoding = 4; lastKnownFileType = sourcecode.c.objc; path = WLCTabBarController.m; sourceTree = "<group>"; };
		21E5B5E11C74444400F7F0FD /* WLCNavigationController.h */ = {isa = PBXFileReference; fileEncoding = 4; lastKnownFileType = sourcecode.c.h; path = WLCNavigationController.h; sourceTree = "<group>"; };
		21E5B5E21C74444400F7F0FD /* WLCNavigationController.m */ = {isa = PBXFileReference; fileEncoding = 4; lastKnownFileType = sourcecode.c.objc; path = WLCNavigationController.m; sourceTree = "<group>"; };
		21E5B5E71C7444CE00F7F0FD /* PrefixHeader.pch */ = {isa = PBXFileReference; lastKnownFileType = sourcecode.c.h; path = PrefixHeader.pch; sourceTree = "<group>"; };
		21E5B5F11C744A4900F7F0FD /* WLCRemindController.h */ = {isa = PBXFileReference; fileEncoding = 4; lastKnownFileType = sourcecode.c.h; path = WLCRemindController.h; sourceTree = "<group>"; };
		21E5B5F21C744A4900F7F0FD /* WLCRemindController.m */ = {isa = PBXFileReference; fileEncoding = 4; lastKnownFileType = sourcecode.c.objc; path = WLCRemindController.m; sourceTree = "<group>"; };
		21E5B5F41C75962800F7F0FD /* WLCTabBar.h */ = {isa = PBXFileReference; fileEncoding = 4; lastKnownFileType = sourcecode.c.h; path = WLCTabBar.h; sourceTree = "<group>"; };
		21E5B5F51C75962800F7F0FD /* WLCTabBar.m */ = {isa = PBXFileReference; fileEncoding = 4; lastKnownFileType = sourcecode.c.objc; path = WLCTabBar.m; sourceTree = "<group>"; };
		21F6417E1C9B9D1B0053FCF8 /* UIView+Frame.h */ = {isa = PBXFileReference; fileEncoding = 4; lastKnownFileType = sourcecode.c.h; path = "UIView+Frame.h"; sourceTree = "<group>"; };
		21F6417F1C9B9D1B0053FCF8 /* UIView+Frame.m */ = {isa = PBXFileReference; fileEncoding = 4; lastKnownFileType = sourcecode.c.objc; path = "UIView+Frame.m"; sourceTree = "<group>"; };
		21F641891C9BAC3D0053FCF8 /* WLCNoteController.h */ = {isa = PBXFileReference; fileEncoding = 4; lastKnownFileType = sourcecode.c.h; path = WLCNoteController.h; sourceTree = "<group>"; };
		21F6418A1C9BAC3D0053FCF8 /* WLCNoteController.m */ = {isa = PBXFileReference; fileEncoding = 4; lastKnownFileType = sourcecode.c.objc; path = WLCNoteController.m; sourceTree = "<group>"; };
		21F6418C1C9BAD140053FCF8 /* WLCContentTableView.h */ = {isa = PBXFileReference; fileEncoding = 4; lastKnownFileType = sourcecode.c.h; path = WLCContentTableView.h; sourceTree = "<group>"; };
		21F6418D1C9BAD140053FCF8 /* WLCContentTableView.m */ = {isa = PBXFileReference; fileEncoding = 4; lastKnownFileType = sourcecode.c.objc; path = WLCContentTableView.m; sourceTree = "<group>"; };
		21F6418F1C9BB3940053FCF8 /* WLCNoteCollectionController.h */ = {isa = PBXFileReference; fileEncoding = 4; lastKnownFileType = sourcecode.c.h; path = WLCNoteCollectionController.h; sourceTree = "<group>"; };
		21F641901C9BB3940053FCF8 /* WLCNoteCollectionController.m */ = {isa = PBXFileReference; fileEncoding = 4; lastKnownFileType = sourcecode.c.objc; path = WLCNoteCollectionController.m; sourceTree = "<group>"; };
		21F641921C9BBA010053FCF8 /* WLCNoteDetailController.h */ = {isa = PBXFileReference; fileEncoding = 4; lastKnownFileType = sourcecode.c.h; path = WLCNoteDetailController.h; sourceTree = "<group>"; };
		21F641931C9BBA010053FCF8 /* WLCNoteDetailController.m */ = {isa = PBXFileReference; fileEncoding = 4; lastKnownFileType = sourcecode.c.objc; path = WLCNoteDetailController.m; sourceTree = "<group>"; };
		21F641951C9BBC810053FCF8 /* WLCNoteTableController.h */ = {isa = PBXFileReference; fileEncoding = 4; lastKnownFileType = sourcecode.c.h; path = WLCNoteTableController.h; sourceTree = "<group>"; };
		21F641961C9BBC810053FCF8 /* WLCNoteTableController.m */ = {isa = PBXFileReference; fileEncoding = 4; lastKnownFileType = sourcecode.c.objc; path = WLCNoteTableController.m; sourceTree = "<group>"; };
		42CD9F2E83CD675B7F2B2D76 /* Pods.debug.xcconfig */ = {isa = PBXFileReference; includeInIndex = 1; lastKnownFileType = text.xcconfig; name = Pods.debug.xcconfig; path = "Pods/Target Support Files/Pods/Pods.debug.xcconfig"; sourceTree = "<group>"; };
		A61BDFA27045E0A5E23BB61B /* libPods.a */ = {isa = PBXFileReference; explicitFileType = archive.ar; includeInIndex = 0; path = libPods.a; sourceTree = BUILT_PRODUCTS_DIR; };
		ECA9D92A0E58E258ABF90ADA /* Pods.release.xcconfig */ = {isa = PBXFileReference; includeInIndex = 1; lastKnownFileType = text.xcconfig; name = Pods.release.xcconfig; path = "Pods/Target Support Files/Pods/Pods.release.xcconfig"; sourceTree = "<group>"; };
/* End PBXFileReference section */

/* Begin PBXFrameworksBuildPhase section */
		21E5B5951C7440E400F7F0FD /* Frameworks */ = {
			isa = PBXFrameworksBuildPhase;
			buildActionMask = 2147483647;
			files = (
				9569C6B798C21ADA7589BE80 /* libPods.a in Frameworks */,
			);
			runOnlyForDeploymentPostprocessing = 0;
		};
		21E5B5AE1C7440E400F7F0FD /* Frameworks */ = {
			isa = PBXFrameworksBuildPhase;
			buildActionMask = 2147483647;
			files = (
			);
			runOnlyForDeploymentPostprocessing = 0;
		};
		21E5B5B91C7440E400F7F0FD /* Frameworks */ = {
			isa = PBXFrameworksBuildPhase;
			buildActionMask = 2147483647;
			files = (
			);
			runOnlyForDeploymentPostprocessing = 0;
		};
/* End PBXFrameworksBuildPhase section */

/* Begin PBXGroup section */
		21E5B58F1C7440E400F7F0FD = {
			isa = PBXGroup;
			children = (
				21E5B59A1C7440E400F7F0FD /* ChopstickNotes */,
				21E5B5B41C7440E400F7F0FD /* ChopstickNotesTests */,
				21E5B5BF1C7440E400F7F0FD /* ChopstickNotesUITests */,
				21E5B5991C7440E400F7F0FD /* Products */,
				56985C2BD87175F56B66DEBC /* Pods */,
				C53ECEBE0189EC8F1593852B /* Frameworks */,
			);
			sourceTree = "<group>";
		};
		21E5B5991C7440E400F7F0FD /* Products */ = {
			isa = PBXGroup;
			children = (
				21E5B5981C7440E400F7F0FD /* ChopstickNotes.app */,
				21E5B5B11C7440E400F7F0FD /* ChopstickNotesTests.xctest */,
				21E5B5BC1C7440E400F7F0FD /* ChopstickNotesUITests.xctest */,
			);
			name = Products;
			sourceTree = "<group>";
		};
		21E5B59A1C7440E400F7F0FD /* ChopstickNotes */ = {
			isa = PBXGroup;
			children = (
				21E5B5CE1C74425100F7F0FD /* Classes */,
				21E5B59B1C7440E400F7F0FD /* Supporting Files */,
			);
			path = ChopstickNotes;
			sourceTree = "<group>";
		};
		21E5B59B1C7440E400F7F0FD /* Supporting Files */ = {
			isa = PBXGroup;
			children = (
				21E5B59E1C7440E400F7F0FD /* AppDelegate.h */,
				21E5B59F1C7440E400F7F0FD /* AppDelegate.m */,
				21E5B5A71C7440E400F7F0FD /* Assets.xcassets */,
				21E5B5A91C7440E400F7F0FD /* LaunchScreen.storyboard */,
				21E5B5AC1C7440E400F7F0FD /* Info.plist */,
				21E5B59C1C7440E400F7F0FD /* main.m */,
				21E5B5E71C7444CE00F7F0FD /* PrefixHeader.pch */,
			);
			name = "Supporting Files";
			sourceTree = "<group>";
		};
		21E5B5B41C7440E400F7F0FD /* ChopstickNotesTests */ = {
			isa = PBXGroup;
			children = (
				21E5B5B51C7440E400F7F0FD /* ChopstickNotesTests.m */,
				21E5B5B71C7440E400F7F0FD /* Info.plist */,
			);
			path = ChopstickNotesTests;
			sourceTree = "<group>";
		};
		21E5B5BF1C7440E400F7F0FD /* ChopstickNotesUITests */ = {
			isa = PBXGroup;
			children = (
				21E5B5C01C7440E400F7F0FD /* ChopstickNotesUITests.m */,
				21E5B5C21C7440E400F7F0FD /* Info.plist */,
			);
			path = ChopstickNotesUITests;
			sourceTree = "<group>";
		};
		21E5B5CE1C74425100F7F0FD /* Classes */ = {
			isa = PBXGroup;
			children = (
				21F641811C9BAC050053FCF8 /* Note(笔记) */,
				21E5B5EC1C744A3200F7F0FD /* Remind(提醒) */,
				21E5B5D41C74425100F7F0FD /* LeftItems(侧边栏) */,
				21E5B5D91C74425100F7F0FD /* Main */,
			);
			path = Classes;
			sourceTree = "<group>";
		};
		21E5B5D41C74425100F7F0FD /* LeftItems(侧边栏) */ = {
			isa = PBXGroup;
			children = (
				21E5B5D51C74425100F7F0FD /* Model */,
				21E5B5D61C74425100F7F0FD /* Other */,
				21E5B5D71C74425100F7F0FD /* View */,
				21E5B5D81C74425100F7F0FD /* ViewController */,
			);
			path = "LeftItems(侧边栏)";
			sourceTree = "<group>";
		};
		21E5B5D51C74425100F7F0FD /* Model */ = {
			isa = PBXGroup;
			children = (
			);
			path = Model;
			sourceTree = "<group>";
		};
		21E5B5D61C74425100F7F0FD /* Other */ = {
			isa = PBXGroup;
			children = (
			);
			path = Other;
			sourceTree = "<group>";
		};
		21E5B5D71C74425100F7F0FD /* View */ = {
			isa = PBXGroup;
			children = (
			);
			path = View;
			sourceTree = "<group>";
		};
		21E5B5D81C74425100F7F0FD /* ViewController */ = {
			isa = PBXGroup;
			children = (
			);
			path = ViewController;
			sourceTree = "<group>";
		};
		21E5B5D91C74425100F7F0FD /* Main */ = {
			isa = PBXGroup;
			children = (
				21F6417D1C9B9CF60053FCF8 /* Category */,
				21E5B5DA1C74425100F7F0FD /* Model */,
				21E5B5DB1C74425100F7F0FD /* Other */,
				21E5B5DC1C74425100F7F0FD /* View */,
				21E5B5DD1C74425100F7F0FD /* ViewController */,
			);
			path = Main;
			sourceTree = "<group>";
		};
		21E5B5DA1C74425100F7F0FD /* Model */ = {
			isa = PBXGroup;
			children = (
			);
			path = Model;
			sourceTree = "<group>";
		};
		21E5B5DB1C74425100F7F0FD /* Other */ = {
			isa = PBXGroup;
			children = (
			);
			path = Other;
			sourceTree = "<group>";
		};
		21E5B5DC1C74425100F7F0FD /* View */ = {
			isa = PBXGroup;
			children = (
				21E5B5F41C75962800F7F0FD /* WLCTabBar.h */,
				21E5B5F51C75962800F7F0FD /* WLCTabBar.m */,
			);
			path = View;
			sourceTree = "<group>";
		};
		21E5B5DD1C74425100F7F0FD /* ViewController */ = {
			isa = PBXGroup;
			children = (
				21E5B5DE1C74442C00F7F0FD /* WLCTabBarController.h */,
				21E5B5DF1C74442C00F7F0FD /* WLCTabBarController.m */,
				21E5B5E11C74444400F7F0FD /* WLCNavigationController.h */,
				21E5B5E21C74444400F7F0FD /* WLCNavigationController.m */,
			);
			path = ViewController;
			sourceTree = "<group>";
		};
		21E5B5EC1C744A3200F7F0FD /* Remind(提醒) */ = {
			isa = PBXGroup;
			children = (
				21E5B5ED1C744A3200F7F0FD /* Model */,
				21E5B5EE1C744A3200F7F0FD /* Other */,
				21E5B5EF1C744A3200F7F0FD /* View */,
				21E5B5F01C744A3200F7F0FD /* Controller */,
			);
			path = "Remind(提醒)";
			sourceTree = "<group>";
		};
		21E5B5ED1C744A3200F7F0FD /* Model */ = {
			isa = PBXGroup;
			children = (
			);
			path = Model;
			sourceTree = "<group>";
		};
		21E5B5EE1C744A3200F7F0FD /* Other */ = {
			isa = PBXGroup;
			children = (
			);
			path = Other;
			sourceTree = "<group>";
		};
		21E5B5EF1C744A3200F7F0FD /* View */ = {
			isa = PBXGroup;
			children = (
			);
			path = View;
			sourceTree = "<group>";
		};
		21E5B5F01C744A3200F7F0FD /* Controller */ = {
			isa = PBXGroup;
			children = (
				21E5B5F11C744A4900F7F0FD /* WLCRemindController.h */,
				21E5B5F21C744A4900F7F0FD /* WLCRemindController.m */,
			);
			name = Controller;
			path = ViewController;
			sourceTree = "<group>";
		};
		21F6417D1C9B9CF60053FCF8 /* Category */ = {
			isa = PBXGroup;
			children = (
				21F6417E1C9B9D1B0053FCF8 /* UIView+Frame.h */,
				21F6417F1C9B9D1B0053FCF8 /* UIView+Frame.m */,
			);
			path = Category;
			sourceTree = "<group>";
		};
		21F641811C9BAC050053FCF8 /* Note(笔记) */ = {
			isa = PBXGroup;
			children = (
				21F641821C9BAC050053FCF8 /* Model */,
				21F641831C9BAC050053FCF8 /* Other */,
				21F641841C9BAC050053FCF8 /* View */,
				21F641851C9BAC050053FCF8 /* Controller */,
			);
			path = "Note(笔记)";
			sourceTree = "<group>";
		};
		21F641821C9BAC050053FCF8 /* Model */ = {
			isa = PBXGroup;
			children = (
			);
			path = Model;
			sourceTree = "<group>";
		};
		21F641831C9BAC050053FCF8 /* Other */ = {
			isa = PBXGroup;
			children = (
			);
			path = Other;
			sourceTree = "<group>";
		};
		21F641841C9BAC050053FCF8 /* View */ = {
			isa = PBXGroup;
			children = (
				21F6418C1C9BAD140053FCF8 /* WLCContentTableView.h */,
				21F6418D1C9BAD140053FCF8 /* WLCContentTableView.m */,
			);
			path = View;
			sourceTree = "<group>";
		};
		21F641851C9BAC050053FCF8 /* Controller */ = {
			isa = PBXGroup;
			children = (
				21F641891C9BAC3D0053FCF8 /* WLCNoteController.h */,
				21F6418A1C9BAC3D0053FCF8 /* WLCNoteController.m */,
				21F641951C9BBC810053FCF8 /* WLCNoteTableController.h */,
				21F641961C9BBC810053FCF8 /* WLCNoteTableController.m */,
				21F6418F1C9BB3940053FCF8 /* WLCNoteCollectionController.h */,
				21F641901C9BB3940053FCF8 /* WLCNoteCollectionController.m */,
				21F641921C9BBA010053FCF8 /* WLCNoteDetailController.h */,
				21F641931C9BBA010053FCF8 /* WLCNoteDetailController.m */,
			);
			name = Controller;
			path = ViewController;
			sourceTree = "<group>";
		};
		56985C2BD87175F56B66DEBC /* Pods */ = {
			isa = PBXGroup;
			children = (
				42CD9F2E83CD675B7F2B2D76 /* Pods.debug.xcconfig */,
				ECA9D92A0E58E258ABF90ADA /* Pods.release.xcconfig */,
			);
			name = Pods;
			sourceTree = "<group>";
		};
		C53ECEBE0189EC8F1593852B /* Frameworks */ = {
			isa = PBXGroup;
			children = (
				A61BDFA27045E0A5E23BB61B /* libPods.a */,
			);
			name = Frameworks;
			sourceTree = "<group>";
		};
/* End PBXGroup section */

/* Begin PBXNativeTarget section */
		21E5B5971C7440E400F7F0FD /* ChopstickNotes */ = {
			isa = PBXNativeTarget;
			buildConfigurationList = 21E5B5C51C7440E400F7F0FD /* Build configuration list for PBXNativeTarget "ChopstickNotes" */;
			buildPhases = (
				D05CE6C63B867F2D0BC43162 /* Check Pods Manifest.lock */,
				21E5B5941C7440E400F7F0FD /* Sources */,
				21E5B5951C7440E400F7F0FD /* Frameworks */,
				21E5B5961C7440E400F7F0FD /* Resources */,
				D791EED77279AE0A5973E3D0 /* Embed Pods Frameworks */,
				43069A360A226E18D4FD396F /* Copy Pods Resources */,
			);
			buildRules = (
			);
			dependencies = (
			);
			name = ChopstickNotes;
			productName = ChopstickNotes;
			productReference = 21E5B5981C7440E400F7F0FD /* ChopstickNotes.app */;
			productType = "com.apple.product-type.application";
		};
		21E5B5B01C7440E400F7F0FD /* ChopstickNotesTests */ = {
			isa = PBXNativeTarget;
			buildConfigurationList = 21E5B5C81C7440E400F7F0FD /* Build configuration list for PBXNativeTarget "ChopstickNotesTests" */;
			buildPhases = (
				21E5B5AD1C7440E400F7F0FD /* Sources */,
				21E5B5AE1C7440E400F7F0FD /* Frameworks */,
				21E5B5AF1C7440E400F7F0FD /* Resources */,
			);
			buildRules = (
			);
			dependencies = (
				21E5B5B31C7440E400F7F0FD /* PBXTargetDependency */,
			);
			name = ChopstickNotesTests;
			productName = ChopstickNotesTests;
			productReference = 21E5B5B11C7440E400F7F0FD /* ChopstickNotesTests.xctest */;
			productType = "com.apple.product-type.bundle.unit-test";
		};
		21E5B5BB1C7440E400F7F0FD /* ChopstickNotesUITests */ = {
			isa = PBXNativeTarget;
			buildConfigurationList = 21E5B5CB1C7440E400F7F0FD /* Build configuration list for PBXNativeTarget "ChopstickNotesUITests" */;
			buildPhases = (
				21E5B5B81C7440E400F7F0FD /* Sources */,
				21E5B5B91C7440E400F7F0FD /* Frameworks */,
				21E5B5BA1C7440E400F7F0FD /* Resources */,
			);
			buildRules = (
			);
			dependencies = (
				21E5B5BE1C7440E400F7F0FD /* PBXTargetDependency */,
			);
			name = ChopstickNotesUITests;
			productName = ChopstickNotesUITests;
			productReference = 21E5B5BC1C7440E400F7F0FD /* ChopstickNotesUITests.xctest */;
			productType = "com.apple.product-type.bundle.ui-testing";
		};
/* End PBXNativeTarget section */

/* Begin PBXProject section */
		21E5B5901C7440E400F7F0FD /* Project object */ = {
			isa = PBXProject;
			attributes = {
				CLASSPREFIX = WLC;
				LastUpgradeCheck = 0720;
				ORGANIZATIONNAME = WLChopSticks;
				TargetAttributes = {
					21E5B5971C7440E400F7F0FD = {
						CreatedOnToolsVersion = 7.2.1;
					};
					21E5B5B01C7440E400F7F0FD = {
						CreatedOnToolsVersion = 7.2.1;
						TestTargetID = 21E5B5971C7440E400F7F0FD;
					};
					21E5B5BB1C7440E400F7F0FD = {
						CreatedOnToolsVersion = 7.2.1;
						TestTargetID = 21E5B5971C7440E400F7F0FD;
					};
				};
			};
			buildConfigurationList = 21E5B5931C7440E400F7F0FD /* Build configuration list for PBXProject "ChopstickNotes" */;
			compatibilityVersion = "Xcode 3.2";
			developmentRegion = English;
			hasScannedForEncodings = 0;
			knownRegions = (
				en,
				Base,
			);
			mainGroup = 21E5B58F1C7440E400F7F0FD;
			productRefGroup = 21E5B5991C7440E400F7F0FD /* Products */;
			projectDirPath = "";
			projectRoot = "";
			targets = (
				21E5B5971C7440E400F7F0FD /* ChopstickNotes */,
				21E5B5B01C7440E400F7F0FD /* ChopstickNotesTests */,
				21E5B5BB1C7440E400F7F0FD /* ChopstickNotesUITests */,
			);
		};
/* End PBXProject section */

/* Begin PBXResourcesBuildPhase section */
		21E5B5961C7440E400F7F0FD /* Resources */ = {
			isa = PBXResourcesBuildPhase;
			buildActionMask = 2147483647;
			files = (
				21E5B5AB1C7440E400F7F0FD /* LaunchScreen.storyboard in Resources */,
				21E5B5A81C7440E400F7F0FD /* Assets.xcassets in Resources */,
			);
			runOnlyForDeploymentPostprocessing = 0;
		};
		21E5B5AF1C7440E400F7F0FD /* Resources */ = {
			isa = PBXResourcesBuildPhase;
			buildActionMask = 2147483647;
			files = (
			);
			runOnlyForDeploymentPostprocessing = 0;
		};
		21E5B5BA1C7440E400F7F0FD /* Resources */ = {
			isa = PBXResourcesBuildPhase;
			buildActionMask = 2147483647;
			files = (
			);
			runOnlyForDeploymentPostprocessing = 0;
		};
/* End PBXResourcesBuildPhase section */

/* Begin PBXShellScriptBuildPhase section */
		43069A360A226E18D4FD396F /* Copy Pods Resources */ = {
			isa = PBXShellScriptBuildPhase;
			buildActionMask = 2147483647;
			files = (
			);
			inputPaths = (
			);
			name = "Copy Pods Resources";
			outputPaths = (
			);
			runOnlyForDeploymentPostprocessing = 0;
			shellPath = /bin/sh;
			shellScript = "\"${SRCROOT}/Pods/Target Support Files/Pods/Pods-resources.sh\"\n";
			showEnvVarsInLog = 0;
		};
		D05CE6C63B867F2D0BC43162 /* Check Pods Manifest.lock */ = {
			isa = PBXShellScriptBuildPhase;
			buildActionMask = 2147483647;
			files = (
			);
			inputPaths = (
			);
			name = "Check Pods Manifest.lock";
			outputPaths = (
			);
			runOnlyForDeploymentPostprocessing = 0;
			shellPath = /bin/sh;
			shellScript = "diff \"${PODS_ROOT}/../Podfile.lock\" \"${PODS_ROOT}/Manifest.lock\" > /dev/null\nif [[ $? != 0 ]] ; then\n    cat << EOM\nerror: The sandbox is not in sync with the Podfile.lock. Run 'pod install' or update your CocoaPods installation.\nEOM\n    exit 1\nfi\n";
			showEnvVarsInLog = 0;
		};
		D791EED77279AE0A5973E3D0 /* Embed Pods Frameworks */ = {
			isa = PBXShellScriptBuildPhase;
			buildActionMask = 2147483647;
			files = (
			);
			inputPaths = (
			);
			name = "Embed Pods Frameworks";
			outputPaths = (
			);
			runOnlyForDeploymentPostprocessing = 0;
			shellPath = /bin/sh;
			shellScript = "\"${SRCROOT}/Pods/Target Support Files/Pods/Pods-frameworks.sh\"\n";
			showEnvVarsInLog = 0;
		};
/* End PBXShellScriptBuildPhase section */

/* Begin PBXSourcesBuildPhase section */
		21E5B5941C7440E400F7F0FD /* Sources */ = {
			isa = PBXSourcesBuildPhase;
			buildActionMask = 2147483647;
			files = (
				21F641801C9B9D1B0053FCF8 /* UIView+Frame.m in Sources */,
				21F6418B1C9BAC3D0053FCF8 /* WLCNoteController.m in Sources */,
				21E5B5A01C7440E400F7F0FD /* AppDelegate.m in Sources */,
				21E5B59D1C7440E400F7F0FD /* main.m in Sources */,
				21F6418E1C9BAD140053FCF8 /* WLCContentTableView.m in Sources */,
				21E5B5F31C744A4900F7F0FD /* WLCRemindController.m in Sources */,
				21E5B5E31C74444400F7F0FD /* WLCNavigationController.m in Sources */,
				21F641971C9BBC810053FCF8 /* WLCNoteTableController.m in Sources */,
				21F641941C9BBA010053FCF8 /* WLCNoteDetailController.m in Sources */,
				21E5B5F61C75962800F7F0FD /* WLCTabBar.m in Sources */,
				21F641911C9BB3940053FCF8 /* WLCNoteCollectionController.m in Sources */,
				21E5B5E01C74442C00F7F0FD /* WLCTabBarController.m in Sources */,
			);
			runOnlyForDeploymentPostprocessing = 0;
		};
		21E5B5AD1C7440E400F7F0FD /* Sources */ = {
			isa = PBXSourcesBuildPhase;
			buildActionMask = 2147483647;
			files = (
				21E5B5B61C7440E400F7F0FD /* ChopstickNotesTests.m in Sources */,
			);
			runOnlyForDeploymentPostprocessing = 0;
		};
		21E5B5B81C7440E400F7F0FD /* Sources */ = {
			isa = PBXSourcesBuildPhase;
			buildActionMask = 2147483647;
			files = (
				21E5B5C11C7440E400F7F0FD /* ChopstickNotesUITests.m in Sources */,
			);
			runOnlyForDeploymentPostprocessing = 0;
		};
/* End PBXSourcesBuildPhase section */

/* Begin PBXTargetDependency section */
		21E5B5B31C7440E400F7F0FD /* PBXTargetDependency */ = {
			isa = PBXTargetDependency;
			target = 21E5B5971C7440E400F7F0FD /* ChopstickNotes */;
			targetProxy = 21E5B5B21C7440E400F7F0FD /* PBXContainerItemProxy */;
		};
		21E5B5BE1C7440E400F7F0FD /* PBXTargetDependency */ = {
			isa = PBXTargetDependency;
			target = 21E5B5971C7440E400F7F0FD /* ChopstickNotes */;
			targetProxy = 21E5B5BD1C7440E400F7F0FD /* PBXContainerItemProxy */;
		};
/* End PBXTargetDependency section */

/* Begin PBXVariantGroup section */
		21E5B5A91C7440E400F7F0FD /* LaunchScreen.storyboard */ = {
			isa = PBXVariantGroup;
			children = (
				21E5B5AA1C7440E400F7F0FD /* Base */,
			);
			name = LaunchScreen.storyboard;
			sourceTree = "<group>";
		};
/* End PBXVariantGroup section */

/* Begin XCBuildConfiguration section */
		21E5B5C31C7440E400F7F0FD /* Debug */ = {
			isa = XCBuildConfiguration;
			buildSettings = {
				ALWAYS_SEARCH_USER_PATHS = NO;
				CLANG_CXX_LANGUAGE_STANDARD = "gnu++0x";
				CLANG_CXX_LIBRARY = "libc++";
				CLANG_ENABLE_MODULES = YES;
				CLANG_ENABLE_OBJC_ARC = YES;
				CLANG_WARN_BOOL_CONVERSION = YES;
				CLANG_WARN_CONSTANT_CONVERSION = YES;
				CLANG_WARN_DIRECT_OBJC_ISA_USAGE = YES_ERROR;
				CLANG_WARN_EMPTY_BODY = YES;
				CLANG_WARN_ENUM_CONVERSION = YES;
				CLANG_WARN_INT_CONVERSION = YES;
				CLANG_WARN_OBJC_ROOT_CLASS = YES_ERROR;
				CLANG_WARN_UNREACHABLE_CODE = YES;
				CLANG_WARN__DUPLICATE_METHOD_MATCH = YES;
				"CODE_SIGN_IDENTITY[sdk=iphoneos*]" = "iPhone Developer";
				COPY_PHASE_STRIP = NO;
				DEBUG_INFORMATION_FORMAT = dwarf;
				ENABLE_STRICT_OBJC_MSGSEND = YES;
				ENABLE_TESTABILITY = YES;
				GCC_C_LANGUAGE_STANDARD = gnu99;
				GCC_DYNAMIC_NO_PIC = NO;
				GCC_NO_COMMON_BLOCKS = YES;
				GCC_OPTIMIZATION_LEVEL = 0;
				GCC_PREPROCESSOR_DEFINITIONS = (
					"DEBUG=1",
					"$(inherited)",
				);
				GCC_WARN_64_TO_32_BIT_CONVERSION = YES;
				GCC_WARN_ABOUT_RETURN_TYPE = YES_ERROR;
				GCC_WARN_UNDECLARED_SELECTOR = YES;
				GCC_WARN_UNINITIALIZED_AUTOS = YES_AGGRESSIVE;
				GCC_WARN_UNUSED_FUNCTION = YES;
				GCC_WARN_UNUSED_VARIABLE = YES;
				IPHONEOS_DEPLOYMENT_TARGET = 9.2;
				MTL_ENABLE_DEBUG_INFO = YES;
				ONLY_ACTIVE_ARCH = YES;
				SDKROOT = iphoneos;
			};
			name = Debug;
		};
		21E5B5C41C7440E400F7F0FD /* Release */ = {
			isa = XCBuildConfiguration;
			buildSettings = {
				ALWAYS_SEARCH_USER_PATHS = NO;
				CLANG_CXX_LANGUAGE_STANDARD = "gnu++0x";
				CLANG_CXX_LIBRARY = "libc++";
				CLANG_ENABLE_MODULES = YES;
				CLANG_ENABLE_OBJC_ARC = YES;
				CLANG_WARN_BOOL_CONVERSION = YES;
				CLANG_WARN_CONSTANT_CONVERSION = YES;
				CLANG_WARN_DIRECT_OBJC_ISA_USAGE = YES_ERROR;
				CLANG_WARN_EMPTY_BODY = YES;
				CLANG_WARN_ENUM_CONVERSION = YES;
				CLANG_WARN_INT_CONVERSION = YES;
				CLANG_WARN_OBJC_ROOT_CLASS = YES_ERROR;
				CLANG_WARN_UNREACHABLE_CODE = YES;
				CLANG_WARN__DUPLICATE_METHOD_MATCH = YES;
				"CODE_SIGN_IDENTITY[sdk=iphoneos*]" = "iPhone Developer";
				COPY_PHASE_STRIP = NO;
				DEBUG_INFORMATION_FORMAT = "dwarf-with-dsym";
				ENABLE_NS_ASSERTIONS = NO;
				ENABLE_STRICT_OBJC_MSGSEND = YES;
				GCC_C_LANGUAGE_STANDARD = gnu99;
				GCC_NO_COMMON_BLOCKS = YES;
				GCC_WARN_64_TO_32_BIT_CONVERSION = YES;
				GCC_WARN_ABOUT_RETURN_TYPE = YES_ERROR;
				GCC_WARN_UNDECLARED_SELECTOR = YES;
				GCC_WARN_UNINITIALIZED_AUTOS = YES_AGGRESSIVE;
				GCC_WARN_UNUSED_FUNCTION = YES;
				GCC_WARN_UNUSED_VARIABLE = YES;
				IPHONEOS_DEPLOYMENT_TARGET = 9.2;
				MTL_ENABLE_DEBUG_INFO = NO;
				SDKROOT = iphoneos;
				VALIDATE_PRODUCT = YES;
			};
			name = Release;
		};
		21E5B5C61C7440E400F7F0FD /* Debug */ = {
			isa = XCBuildConfiguration;
			baseConfigurationReference = 42CD9F2E83CD675B7F2B2D76 /* Pods.debug.xcconfig */;
			buildSettings = {
				ASSETCATALOG_COMPILER_APPICON_NAME = AppIcon;
				GCC_PREFIX_HEADER = "$(SRCROOT)/ChopstickNotes/PrefixHeader.pch";
				INFOPLIST_FILE = ChopstickNotes/Info.plist;
				LD_RUNPATH_SEARCH_PATHS = "$(inherited) @executable_path/Frameworks";
				PRODUCT_BUNDLE_IDENTIFIER = WLChopSticks.ChopstickNotes;
				PRODUCT_NAME = "$(TARGET_NAME)";
			};
			name = Debug;
		};
		21E5B5C71C7440E400F7F0FD /* Release */ = {
			isa = XCBuildConfiguration;
			baseConfigurationReference = ECA9D92A0E58E258ABF90ADA /* Pods.release.xcconfig */;
			buildSettings = {
				ASSETCATALOG_COMPILER_APPICON_NAME = AppIcon;
				GCC_PREFIX_HEADER = "$(SRCROOT)/ChopstickNotes/PrefixHeader.pch";
				INFOPLIST_FILE = ChopstickNotes/Info.plist;
				LD_RUNPATH_SEARCH_PATHS = "$(inherited) @executable_path/Frameworks";
				PRODUCT_BUNDLE_IDENTIFIER = WLChopSticks.ChopstickNotes;
				PRODUCT_NAME = "$(TARGET_NAME)";
			};
			name = Release;
		};
		21E5B5C91C7440E400F7F0FD /* Debug */ = {
			isa = XCBuildConfiguration;
			buildSettings = {
				BUNDLE_LOADER = "$(TEST_HOST)";
				INFOPLIST_FILE = ChopstickNotesTests/Info.plist;
				LD_RUNPATH_SEARCH_PATHS = "$(inherited) @executable_path/Frameworks @loader_path/Frameworks";
				PRODUCT_BUNDLE_IDENTIFIER = WLChopSticks.ChopstickNotesTests;
				PRODUCT_NAME = "$(TARGET_NAME)";
				TEST_HOST = "$(BUILT_PRODUCTS_DIR)/ChopstickNotes.app/ChopstickNotes";
			};
			name = Debug;
		};
		21E5B5CA1C7440E400F7F0FD /* Release */ = {
			isa = XCBuildConfiguration;
			buildSettings = {
				BUNDLE_LOADER = "$(TEST_HOST)";
				INFOPLIST_FILE = ChopstickNotesTests/Info.plist;
				LD_RUNPATH_SEARCH_PATHS = "$(inherited) @executable_path/Frameworks @loader_path/Frameworks";
				PRODUCT_BUNDLE_IDENTIFIER = WLChopSticks.ChopstickNotesTests;
				PRODUCT_NAME = "$(TARGET_NAME)";
				TEST_HOST = "$(BUILT_PRODUCTS_DIR)/ChopstickNotes.app/ChopstickNotes";
			};
			name = Release;
		};
		21E5B5CC1C7440E400F7F0FD /* Debug */ = {
			isa = XCBuildConfiguration;
			buildSettings = {
				INFOPLIST_FILE = ChopstickNotesUITests/Info.plist;
				LD_RUNPATH_SEARCH_PATHS = "$(inherited) @executable_path/Frameworks @loader_path/Frameworks";
				PRODUCT_BUNDLE_IDENTIFIER = WLChopSticks.ChopstickNotesUITests;
				PRODUCT_NAME = "$(TARGET_NAME)";
				TEST_TARGET_NAME = ChopstickNotes;
				USES_XCTRUNNER = YES;
			};
			name = Debug;
		};
		21E5B5CD1C7440E400F7F0FD /* Release */ = {
			isa = XCBuildConfiguration;
			buildSettings = {
				INFOPLIST_FILE = ChopstickNotesUITests/Info.plist;
				LD_RUNPATH_SEARCH_PATHS = "$(inherited) @executable_path/Frameworks @loader_path/Frameworks";
				PRODUCT_BUNDLE_IDENTIFIER = WLChopSticks.ChopstickNotesUITests;
				PRODUCT_NAME = "$(TARGET_NAME)";
				TEST_TARGET_NAME = ChopstickNotes;
				USES_XCTRUNNER = YES;
			};
			name = Release;
		};
/* End XCBuildConfiguration section */

/* Begin XCConfigurationList section */
		21E5B5931C7440E400F7F0FD /* Build configuration list for PBXProject "ChopstickNotes" */ = {
			isa = XCConfigurationList;
			buildConfigurations = (
				21E5B5C31C7440E400F7F0FD /* Debug */,
				21E5B5C41C7440E400F7F0FD /* Release */,
			);
			defaultConfigurationIsVisible = 0;
			defaultConfigurationName = Release;
		};
		21E5B5C51C7440E400F7F0FD /* Build configuration list for PBXNativeTarget "ChopstickNotes" */ = {
			isa = XCConfigurationList;
			buildConfigurations = (
				21E5B5C61C7440E400F7F0FD /* Debug */,
				21E5B5C71C7440E400F7F0FD /* Release */,
			);
			defaultConfigurationIsVisible = 0;
			defaultConfigurationName = Release;
		};
		21E5B5C81C7440E400F7F0FD /* Build configuration list for PBXNativeTarget "ChopstickNotesTests" */ = {
			isa = XCConfigurationList;
			buildConfigurations = (
				21E5B5C91C7440E400F7F0FD /* Debug */,
				21E5B5CA1C7440E400F7F0FD /* Release */,
			);
			defaultConfigurationIsVisible = 0;
			defaultConfigurationName = Release;
		};
		21E5B5CB1C7440E400F7F0FD /* Build configuration list for PBXNativeTarget "ChopstickNotesUITests" */ = {
			isa = XCConfigurationList;
			buildConfigurations = (
				21E5B5CC1C7440E400F7F0FD /* Debug */,
				21E5B5CD1C7440E400F7F0FD /* Release */,
			);
			defaultConfigurationIsVisible = 0;
			defaultConfigurationName = Release;
		};
/* End XCConfigurationList section */
	};
	rootObject = 21E5B5901C7440E400F7F0FD /* Project object */;
}
